
Microsoft Visual Studio Solution File, Format Version 12.00
Project("{FAE04EC0-301F-11D3-BF4B-00C04F79EFBC}") = "SpecflowAndXunit.IAsyncLifetimeBugReproduction", "SpecflowAndXunit.IAsyncLifetimeBugReproduction\SpecflowAndXunit.IAsyncLifetimeBugReproduction.csproj", "{9FBFCF70-35A7-4771-8BFB-FEE1359D698A}"
EndProject
Global
	GlobalSection(SolutionConfigurationPlatforms) = preSolution
		Debug|Any CPU = Debug|Any CPU
		Release|Any CPU = Release|Any CPU
	EndGlobalSection
	GlobalSection(ProjectConfigurationPlatforms) = postSolution
		{9FBFCF70-35A7-4771-8BFB-FEE1359D698A}.Debug|Any CPU.ActiveCfg = Debug|Any CPU
		{9FBFCF70-35A7-4771-8BFB-FEE1359D698A}.Debug|Any CPU.Build.0 = Debug|Any CPU
		{9FBFCF70-35A7-4771-8BFB-FEE1359D698A}.Release|Any CPU.ActiveCfg = Release|Any CPU
		{9FBFCF70-35A7-4771-8BFB-FEE1359D698A}.Release|Any CPU.Build.0 = Release|Any CPU
	EndGlobalSection
EndGlobal
